{
  "requires": true,
  "lockfileVersion": 1,
  "dependencies": {
    "@types/node": {
      "version": "13.7.6",
      "resolved": "https://registry.npmjs.org/@types/node/-/node-13.7.6.tgz",
      "integrity": "sha512-eyK7MWD0R1HqVTp+PtwRgFeIsemzuj4gBFSQxfPHY5iMjS7474e5wq+VFgTcdpyHeNxyKSaetYAjdMLJlKoWqA=="
    },
    "htm": {
      "version": "3.0.3",
      "resolved": "https://registry.npmjs.org/htm/-/htm-3.0.3.tgz",
      "integrity": "sha512-+LZu7FSZJNo/mGhF5zOgyLdcYTQ8brOqwJFXwP/F/Q9IyvBp3HcYT1tk5A6rf67NEW0VEV+2Y8O4pMGmBIci/w=="
    },
    "vhtml": {
      "version": "2.2.0",
      "resolved": "https://registry.npmjs.org/vhtml/-/vhtml-2.2.0.tgz",
      "integrity": "sha512-TPXrXrxBOslRUVnlVkiAqhoXneiertIg86bdvzionrUYhEuiROvyPZNiiP6GIIJ2Q7oPNVyEtIx8gMAZZE9lCQ=="
    }
  }
}
